
Microsoft Visual Studio Solution File, Format Version 12.00
# Visual Studio Version 17
VisualStudioVersion = 17.2.32616.157
MinimumVisualStudioVersion = 10.0.40219.1
Project("{FAE04EC0-301F-11D3-BF4B-00C04F79EFBC}") = "Lab_4_1_01", "Lab_4_1_01.csproj", "{468ACEB0-0E78-4367-BFAF-0F002E0ED6FA}"
EndProject
Global
	GlobalSection(SolutionConfigurationPlatforms) = preSolution
		Debug|Any CPU = Debug|Any CPU
		Release|Any CPU = Release|Any CPU
	EndGlobalSection
	GlobalSection(ProjectConfigurationPlatforms) = postSolution
		{468ACEB0-0E78-4367-BFAF-0F002E0ED6FA}.Debug|Any CPU.ActiveCfg = Debug|Any CPU
		{468ACEB0-0E78-4367-BFAF-0F002E0ED6FA}.Debug|Any CPU.Build.0 = Debug|Any CPU
		{468ACEB0-0E78-4367-BFAF-0F002E0ED6FA}.Release|Any CPU.ActiveCfg = Release|Any CPU
		{468ACEB0-0E78-4367-BFAF-0F002E0ED6FA}.Release|Any CPU.Build.0 = Release|Any CPU
	EndGlobalSection
	GlobalSection(SolutionProperties) = preSolution
		HideSolutionNode = FALSE
	EndGlobalSection
	GlobalSection(ExtensibilityGlobals) = postSolution
		SolutionGuid = {6FFCAB0F-C147-451D-8740-A0AD70F8F334}
	EndGlobalSection
EndGlobal
